// !$*UTF8*$!
{
	archiveVersion = 1;
	classes = {
	};
	objectVersion = 50;
	objects = {

/* Begin PBXBuildFile section */
		139676AC2659FAA3002D5C14 /* AppDelegate.swift in Sources */ = {isa = PBXBuildFile; fileRef = 139676AB2659FAA3002D5C14 /* AppDelegate.swift */; };
		139676AE2659FAA3002D5C14 /* SceneDelegate.swift in Sources */ = {isa = PBXBuildFile; fileRef = 139676AD2659FAA3002D5C14 /* SceneDelegate.swift */; };
		139676B02659FAA3002D5C14 /* ViewController.swift in Sources */ = {isa = PBXBuildFile; fileRef = 139676AF2659FAA3002D5C14 /* ViewController.swift */; };
		139676B32659FAA3002D5C14 /* Main.storyboard in Resources */ = {isa = PBXBuildFile; fileRef = 139676B12659FAA3002D5C14 /* Main.storyboard */; };
		139676B52659FAA4002D5C14 /* Assets.xcassets in Resources */ = {isa = PBXBuildFile; fileRef = 139676B42659FAA4002D5C14 /* Assets.xcassets */; };
		139676B82659FAA4002D5C14 /* LaunchScreen.storyboard in Resources */ = {isa = PBXBuildFile; fileRef = 139676B62659FAA4002D5C14 /* LaunchScreen.storyboard */; };
		139676C32659FAA5002D5C14 /* DYZBTests.swift in Sources */ = {isa = PBXBuildFile; fileRef = 139676C22659FAA5002D5C14 /* DYZBTests.swift */; };
		139676CE2659FAA5002D5C14 /* DYZBUITests.swift in Sources */ = {isa = PBXBuildFile; fileRef = 139676CD2659FAA5002D5C14 /* DYZBUITests.swift */; };
/* End PBXBuildFile section */

/* Begin PBXContainerItemProxy section */
		139676BF2659FAA5002D5C14 /* PBXContainerItemProxy */ = {
			isa = PBXContainerItemProxy;
			containerPortal = 139676A02659FAA3002D5C14 /* Project object */;
			proxyType = 1;
			remoteGlobalIDString = 139676A72659FAA3002D5C14;
			remoteInfo = DYZB;
		};
		139676CA2659FAA5002D5C14 /* PBXContainerItemProxy */ = {
			isa = PBXContainerItemProxy;
			containerPortal = 139676A02659FAA3002D5C14 /* Project object */;
			proxyType = 1;
			remoteGlobalIDString = 139676A72659FAA3002D5C14;
			remoteInfo = DYZB;
		};
/* End PBXContainerItemProxy section */

/* Begin PBXFileReference section */
		139676A82659FAA3002D5C14 /* DYZB.app */ = {isa = PBXFileReference; explicitFileType = wrapper.application; includeInIndex = 0; path = DYZB.app; sourceTree = BUILT_PRODUCTS_DIR; };
		139676AB2659FAA3002D5C14 /* AppDelegate.swift */ = {isa = PBXFileReference; lastKnownFileType = sourcecode.swift; path = AppDelegate.swift; sourceTree = "<group>"; };
		139676AD2659FAA3002D5C14 /* SceneDelegate.swift */ = {isa = PBXFileReference; lastKnownFileType = sourcecode.swift; path = SceneDelegate.swift; sourceTree = "<group>"; };
		139676AF2659FAA3002D5C14 /* ViewController.swift */ = {isa = PBXFileReference; lastKnownFileType = sourcecode.swift; path = ViewController.swift; sourceTree = "<group>"; };
		139676B22659FAA3002D5C14 /* Base */ = {isa = PBXFileReference; lastKnownFileType = file.storyboard; name = Base; path = Base.lproj/Main.storyboard; sourceTree = "<group>"; };
		139676B42659FAA4002D5C14 /* Assets.xcassets */ = {isa = PBXFileReference; lastKnownFileType = folder.assetcatalog; path = Assets.xcassets; sourceTree = "<group>"; };
		139676B72659FAA4002D5C14 /* Base */ = {isa = PBXFileReference; lastKnownFileType = file.storyboard; name = Base; path = Base.lproj/LaunchScreen.storyboard; sourceTree = "<group>"; };
		139676B92659FAA4002D5C14 /* Info.plist */ = {isa = PBXFileReference; lastKnownFileType = text.plist.xml; path = Info.plist; sourceTree = "<group>"; };
		139676BE2659FAA5002D5C14 /* DYZBTests.xctest */ = {isa = PBXFileReference; explicitFileType = wrapper.cfbundle; includeInIndex = 0; path = DYZBTests.xctest; sourceTree = BUILT_PRODUCTS_DIR; };
		139676C22659FAA5002D5C14 /* DYZBTests.swift */ = {isa = PBXFileReference; lastKnownFileType = sourcecode.swift; path = DYZBTests.swift; sourceTree = "<group>"; };
		139676C42659FAA5002D5C14 /* Info.plist */ = {isa = PBXFileReference; lastKnownFileType = text.plist.xml; path = Info.plist; sourceTree = "<group>"; };
		139676C92659FAA5002D5C14 /* DYZBUITests.xctest */ = {isa = PBXFileReference; explicitFileType = wrapper.cfbundle; includeInIndex = 0; path = DYZBUITests.xctest; sourceTree = BUILT_PRODUCTS_DIR; };
		139676CD2659FAA5002D5C14 /* DYZBUITests.swift */ = {isa = PBXFileReference; lastKnownFileType = sourcecode.swift; path = DYZBUITests.swift; sourceTree = "<group>"; };
		139676CF2659FAA5002D5C14 /* Info.plist */ = {isa = PBXFileReference; lastKnownFileType = text.plist.xml; path = Info.plist; sourceTree = "<group>"; };
/* End PBXFileReference section */

/* Begin PBXFrameworksBuildPhase section */
		139676A52659FAA3002D5C14 /* Frameworks */ = {
			isa = PBXFrameworksBuildPhase;
			buildActionMask = 2147483647;
			files = (
			);
			runOnlyForDeploymentPostprocessing = 0;
		};
		139676BB2659FAA5002D5C14 /* Frameworks */ = {
			isa = PBXFrameworksBuildPhase;
			buildActionMask = 2147483647;
			files = (
			);
			runOnlyForDeploymentPostprocessing = 0;
		};
		139676C62659FAA5002D5C14 /* Frameworks */ = {
			isa = PBXFrameworksBuildPhase;
			buildActionMask = 2147483647;
			files = (
			);
			runOnlyForDeploymentPostprocessing = 0;
		};
/* End PBXFrameworksBuildPhase section */

/* Begin PBXGroup section */
		1396769F2659FAA3002D5C14 = {
			isa = PBXGroup;
			children = (
				139676AA2659FAA3002D5C14 /* DYZB */,
				139676C12659FAA5002D5C14 /* DYZBTests */,
				139676CC2659FAA5002D5C14 /* DYZBUITests */,
				139676A92659FAA3002D5C14 /* Products */,
			);
			sourceTree = "<group>";
		};
		139676A92659FAA3002D5C14 /* Products */ = {
			isa = PBXGroup;
			children = (
				139676A82659FAA3002D5C14 /* DYZB.app */,
				139676BE2659FAA5002D5C14 /* DYZBTests.xctest */,
				139676C92659FAA5002D5C14 /* DYZBUITests.xctest */,
			);
			name = Products;
			sourceTree = "<group>";
		};
		139676AA2659FAA3002D5C14 /* DYZB */ = {
			isa = PBXGroup;
			children = (
				139676AB2659FAA3002D5C14 /* AppDelegate.swift */,
				139676AD2659FAA3002D5C14 /* SceneDelegate.swift */,
				139676AF2659FAA3002D5C14 /* ViewController.swift */,
				139676B12659FAA3002D5C14 /* Main.storyboard */,
				139676B42659FAA4002D5C14 /* Assets.xcassets */,
				139676B62659FAA4002D5C14 /* LaunchScreen.storyboard */,
				139676B92659FAA4002D5C14 /* Info.plist */,
			);
			path = DYZB;
			sourceTree = "<group>";
		};
		139676C12659FAA5002D5C14 /* DYZBTests */ = {
			isa = PBXGroup;
			children = (
				139676C22659FAA5002D5C14 /* DYZBTests.swift */,
				139676C42659FAA5002D5C14 /* Info.plist */,
			);
			path = DYZBTests;
			sourceTree = "<group>";
		};
		139676CC2659FAA5002D5C14 /* DYZBUITests */ = {
			isa = PBXGroup;
			children = (
				139676CD2659FAA5002D5C14 /* DYZBUITests.swift */,
				139676CF2659FAA5002D5C14 /* Info.plist */,
			);
			path = DYZBUITests;
			sourceTree = "<group>";
		};
/* End PBXGroup section */

/* Begin PBXNativeTarget section */
		139676A72659FAA3002D5C14 /* DYZB */ = {
			isa = PBXNativeTarget;
			buildConfigurationList = 139676D22659FAA5002D5C14 /* Build configuration list for PBXNativeTarget "DYZB" */;
			buildPhases = (
				139676A42659FAA3002D5C14 /* Sources */,
				139676A52659FAA3002D5C14 /* Frameworks */,
				139676A62659FAA3002D5C14 /* Resources */,
			);
			buildRules = (
			);
			dependencies = (
			);
			name = DYZB;
			productName = DYZB;
			productReference = 139676A82659FAA3002D5C14 /* DYZB.app */;
			productType = "com.apple.product-type.application";
		};
		139676BD2659FAA5002D5C14 /* DYZBTests */ = {
			isa = PBXNativeTarget;
			buildConfigurationList = 139676D52659FAA5002D5C14 /* Build configuration list for PBXNativeTarget "DYZBTests" */;
			buildPhases = (
				139676BA2659FAA5002D5C14 /* Sources */,
				139676BB2659FAA5002D5C14 /* Frameworks */,
				139676BC2659FAA5002D5C14 /* Resources */,
			);
			buildRules = (
			);
			dependencies = (
				139676C02659FAA5002D5C14 /* PBXTargetDependency */,
			);
			name = DYZBTests;
			productName = DYZBTests;
			productReference = 139676BE2659FAA5002D5C14 /* DYZBTests.xctest */;
			productType = "com.apple.product-type.bundle.unit-test";
		};
		139676C82659FAA5002D5C14 /* DYZBUITests */ = {
			isa = PBXNativeTarget;
			buildConfigurationList = 139676D82659FAA5002D5C14 /* Build configuration list for PBXNativeTarget "DYZBUITests" */;
			buildPhases = (
				139676C52659FAA5002D5C14 /* Sources */,
				139676C62659FAA5002D5C14 /* Frameworks */,
				139676C72659FAA5002D5C14 /* Resources */,
			);
			buildRules = (
			);
			dependencies = (
				139676CB2659FAA5002D5C14 /* PBXTargetDependency */,
			);
			name = DYZBUITests;
			productName = DYZBUITests;
			productReference = 139676C92659FAA5002D5C14 /* DYZBUITests.xctest */;
			productType = "com.apple.product-type.bundle.ui-testing";
		};
/* End PBXNativeTarget section */

/* Begin PBXProject section */
		139676A02659FAA3002D5C14 /* Project object */ = {
			isa = PBXProject;
			attributes = {
				LastSwiftUpdateCheck = 1220;
				LastUpgradeCheck = 1220;
				TargetAttributes = {
					139676A72659FAA3002D5C14 = {
						CreatedOnToolsVersion = 12.2;
					};
					139676BD2659FAA5002D5C14 = {
						CreatedOnToolsVersion = 12.2;
						TestTargetID = 139676A72659FAA3002D5C14;
					};
					139676C82659FAA5002D5C14 = {
						CreatedOnToolsVersion = 12.2;
						TestTargetID = 139676A72659FAA3002D5C14;
					};
				};
			};
			buildConfigurationList = 139676A32659FAA3002D5C14 /* Build configuration list for PBXProject "DYZB" */;
			compatibilityVersion = "Xcode 9.3";
			developmentRegion = en;
			hasScannedForEncodings = 0;
			knownRegions = (
				en,
				Base,
			);
			mainGroup = 1396769F2659FAA3002D5C14;
			productRefGroup = 139676A92659FAA3002D5C14 /* Products */;
			projectDirPath = "";
			projectRoot = "";
			targets = (
				139676A72659FAA3002D5C14 /* DYZB */,
				139676BD2659FAA5002D5C14 /* DYZBTests */,
				139676C82659FAA5002D5C14 /* DYZBUITests */,
			);
		};
/* End PBXProject section */

/* Begin PBXResourcesBuildPhase section */
		139676A62659FAA3002D5C14 /* Resources */ = {
			isa = PBXResourcesBuildPhase;
			buildActionMask = 2147483647;
			files = (
				139676B82659FAA4002D5C14 /* LaunchScreen.storyboard in Resources */,
				139676B52659FAA4002D5C14 /* Assets.xcassets in Resources */,
				139676B32659FAA3002D5C14 /* Main.storyboard in Resources */,
			);
			runOnlyForDeploymentPostprocessing = 0;
		};
		139676BC2659FAA5002D5C14 /* Resources */ = {
			isa = PBXResourcesBuildPhase;
			buildActionMask = 2147483647;
			files = (
			);
			runOnlyForDeploymentPostprocessing = 0;
		};
		139676C72659FAA5002D5C14 /* Resources */ = {
			isa = PBXResourcesBuildPhase;
			buildActionMask = 2147483647;
			files = (
			);
			runOnlyForDeploymentPostprocessing = 0;
		};
/* End PBXResourcesBuildPhase section */

/* Begin PBXSourcesBuildPhase section */
		139676A42659FAA3002D5C14 /* Sources */ = {
			isa = PBXSourcesBuildPhase;
			buildActionMask = 2147483647;
			files = (
				139676B02659FAA3002D5C14 /* ViewController.swift in Sources */,
				139676AC2659FAA3002D5C14 /* AppDelegate.swift in Sources */,
				139676AE2659FAA3002D5C14 /* SceneDelegate.swift in Sources */,
			);
			runOnlyForDeploymentPostprocessing = 0;
		};
		139676BA2659FAA5002D5C14 /* Sources */ = {
			isa = PBXSourcesBuildPhase;
			buildActionMask = 2147483647;
			files = (
				139676C32659FAA5002D5C14 /* DYZBTests.swift in Sources */,
			);
			runOnlyForDeploymentPostprocessing = 0;
		};
		139676C52659FAA5002D5C14 /* Sources */ = {
			isa = PBXSourcesBuildPhase;
			buildActionMask = 2147483647;
			files = (
				139676CE2659FAA5002D5C14 /* DYZBUITests.swift in Sources */,
			);
			runOnlyForDeploymentPostprocessing = 0;
		};
/* End PBXSourcesBuildPhase section */

/* Begin PBXTargetDependency section */
		139676C02659FAA5002D5C14 /* PBXTargetDependency */ = {
			isa = PBXTargetDependency;
			target = 139676A72659FAA3002D5C14 /* DYZB */;
			targetProxy = 139676BF2659FAA5002D5C14 /* PBXContainerItemProxy */;
		};
		139676CB2659FAA5002D5C14 /* PBXTargetDependency */ = {
			isa = PBXTargetDependency;
			target = 139676A72659FAA3002D5C14 /* DYZB */;
			targetProxy = 139676CA2659FAA5002D5C14 /* PBXContainerItemProxy */;
		};
/* End PBXTargetDependency section */

/* Begin PBXVariantGroup section */
		139676B12659FAA3002D5C14 /* Main.storyboard */ = {
			isa = PBXVariantGroup;
			children = (
				139676B22659FAA3002D5C14 /* Base */,
			);
			name = Main.storyboard;
			sourceTree = "<group>";
		};
		139676B62659FAA4002D5C14 /* LaunchScreen.storyboard */ = {
			isa = PBXVariantGroup;
			children = (
				139676B72659FAA4002D5C14 /* Base */,
			);
			name = LaunchScreen.storyboard;
			sourceTree = "<group>";
		};
/* End PBXVariantGroup section */

/* Begin XCBuildConfiguration section */
		139676D02659FAA5002D5C14 /* Debug */ = {
			isa = XCBuildConfiguration;
			buildSettings = {
				ALWAYS_SEARCH_USER_PATHS = NO;
				CLANG_ANALYZER_NONNULL = YES;
				CLANG_ANALYZER_NUMBER_OBJECT_CONVERSION = YES_AGGRESSIVE;
				CLANG_CXX_LANGUAGE_STANDARD = "gnu++14";
				CLANG_CXX_LIBRARY = "libc++";
				CLANG_ENABLE_MODULES = YES;
				CLANG_ENABLE_OBJC_ARC = YES;
				CLANG_ENABLE_OBJC_WEAK = YES;
				CLANG_WARN_BLOCK_CAPTURE_AUTORELEASING = YES;
				CLANG_WARN_BOOL_CONVERSION = YES;
				CLANG_WARN_COMMA = YES;
				CLANG_WARN_CONSTANT_CONVERSION = YES;
				CLANG_WARN_DEPRECATED_OBJC_IMPLEMENTATIONS = YES;
				CLANG_WARN_DIRECT_OBJC_ISA_USAGE = YES_ERROR;
				CLANG_WARN_DOCUMENTATION_COMMENTS = YES;
				CLANG_WARN_EMPTY_BODY = YES;
				CLANG_WARN_ENUM_CONVERSION = YES;
				CLANG_WARN_INFINITE_RECURSION = YES;
				CLANG_WARN_INT_CONVERSION = YES;
				CLANG_WARN_NON_LITERAL_NULL_CONVERSION = YES;
				CLANG_WARN_OBJC_IMPLICIT_RETAIN_SELF = YES;
				CLANG_WARN_OBJC_LITERAL_CONVERSION = YES;
				CLANG_WARN_OBJC_ROOT_CLASS = YES_ERROR;
				CLANG_WARN_QUOTED_INCLUDE_IN_FRAMEWORK_HEADER = YES;
				CLANG_WARN_RANGE_LOOP_ANALYSIS = YES;
				CLANG_WARN_STRICT_PROTOTYPES = YES;
				CLANG_WARN_SUSPICIOUS_MOVE = YES;
				CLANG_WARN_UNGUARDED_AVAILABILITY = YES_AGGRESSIVE;
				CLANG_WARN_UNREACHABLE_CODE = YES;
				CLANG_WARN__DUPLICATE_METHOD_MATCH = YES;
				COPY_PHASE_STRIP = NO;
				DEBUG_INFORMATION_FORMAT = dwarf;
				ENABLE_STRICT_OBJC_MSGSEND = YES;
				ENABLE_TESTABILITY = YES;
				GCC_C_LANGUAGE_STANDARD = gnu11;
				GCC_DYNAMIC_NO_PIC = NO;
				GCC_NO_COMMON_BLOCKS = YES;
				GCC_OPTIMIZATION_LEVEL = 0;
				GCC_PREPROCESSOR_DEFINITIONS = (
					"DEBUG=1",
					"$(inherited)",
				);
				GCC_WARN_64_TO_32_BIT_CONVERSION = YES;
				GCC_WARN_ABOUT_RETURN_TYPE = YES_ERROR;
				GCC_WARN_UNDECLARED_SELECTOR = YES;
				GCC_WARN_UNINITIALIZED_AUTOS = YES_AGGRESSIVE;
				GCC_WARN_UNUSED_FUNCTION = YES;
				GCC_WARN_UNUSED_VARIABLE = YES;
				IPHONEOS_DEPLOYMENT_TARGET = 14.2;
				MTL_ENABLE_DEBUG_INFO = INCLUDE_SOURCE;
				MTL_FAST_MATH = YES;
				ONLY_ACTIVE_ARCH = YES;
				SDKROOT = iphoneos;
				SWIFT_ACTIVE_COMPILATION_CONDITIONS = DEBUG;
				SWIFT_OPTIMIZATION_LEVEL = "-Onone";
			};
			name = Debug;
		};
		139676D12659FAA5002D5C14 /* Release */ = {
			isa = XCBuildConfiguration;
			buildSettings = {
				ALWAYS_SEARCH_USER_PATHS = NO;
				CLANG_ANALYZER_NONNULL = YES;
				CLANG_ANALYZER_NUMBER_OBJECT_CONVERSION = YES_AGGRESSIVE;
				CLANG_CXX_LANGUAGE_STANDARD = "gnu++14";
				CLANG_CXX_LIBRARY = "libc++";
				CLANG_ENABLE_MODULES = YES;
				CLANG_ENABLE_OBJC_ARC = YES;
				CLANG_ENABLE_OBJC_WEAK = YES;
				CLANG_WARN_BLOCK_CAPTURE_AUTORELEASING = YES;
				CLANG_WARN_BOOL_CONVERSION = YES;
				CLANG_WARN_COMMA = YES;
				CLANG_WARN_CONSTANT_CONVERSION = YES;
				CLANG_WARN_DEPRECATED_OBJC_IMPLEMENTATIONS = YES;
				CLANG_WARN_DIRECT_OBJC_ISA_USAGE = YES_ERROR;
				CLANG_WARN_DOCUMENTATION_COMMENTS = YES;
				CLANG_WARN_EMPTY_BODY = YES;
				CLANG_WARN_ENUM_CONVERSION = YES;
				CLANG_WARN_INFINITE_RECURSION = YES;
				CLANG_WARN_INT_CONVERSION = YES;
				CLANG_WARN_NON_LITERAL_NULL_CONVERSION = YES;
				CLANG_WARN_OBJC_IMPLICIT_RETAIN_SELF = YES;
				CLANG_WARN_OBJC_LITERAL_CONVERSION = YES;
				CLANG_WARN_OBJC_ROOT_CLASS = YES_ERROR;
				CLANG_WARN_QUOTED_INCLUDE_IN_FRAMEWORK_HEADER = YES;
				CLANG_WARN_RANGE_LOOP_ANALYSIS = YES;
				CLANG_WARN_STRICT_PROTOTYPES = YES;
				CLANG_WARN_SUSPICIOUS_MOVE = YES;
				CLANG_WARN_UNGUARDED_AVAILABILITY = YES_AGGRESSIVE;
				CLANG_WARN_UNREACHABLE_CODE = YES;
				CLANG_WARN__DUPLICATE_METHOD_MATCH = YES;
				COPY_PHASE_STRIP = NO;
				DEBUG_INFORMATION_FORMAT = "dwarf-with-dsym";
				ENABLE_NS_ASSERTIONS = NO;
				ENABLE_STRICT_OBJC_MSGSEND = YES;
				GCC_C_LANGUAGE_STANDARD = gnu11;
				GCC_NO_COMMON_BLOCKS = YES;
				GCC_WARN_64_TO_32_BIT_CONVERSION = YES;
				GCC_WARN_ABOUT_RETURN_TYPE = YES_ERROR;
				GCC_WARN_UNDECLARED_SELECTOR = YES;
				GCC_WARN_UNINITIALIZED_AUTOS = YES_AGGRESSIVE;
				GCC_WARN_UNUSED_FUNCTION = YES;
				GCC_WARN_UNUSED_VARIABLE = YES;
				IPHONEOS_DEPLOYMENT_TARGET = 14.2;
				MTL_ENABLE_DEBUG_INFO = NO;
				MTL_FAST_MATH = YES;
				SDKROOT = iphoneos;
				SWIFT_COMPILATION_MODE = wholemodule;
				SWIFT_OPTIMIZATION_LEVEL = "-O";
				VALIDATE_PRODUCT = YES;
			};
			name = Release;
		};
		139676D32659FAA5002D5C14 /* Debug */ = {
			isa = XCBuildConfiguration;
			buildSettings = {
				ASSETCATALOG_COMPILER_APPICON_NAME = AppIcon;
				ASSETCATALOG_COMPILER_GLOBAL_ACCENT_COLOR_NAME = AccentColor;
				CODE_SIGN_STYLE = Automatic;
				INFOPLIST_FILE = DYZB/Info.plist;
				LD_RUNPATH_SEARCH_PATHS = (
					"$(inherited)",
					"@executable_path/Frameworks",
				);
				PRODUCT_BUNDLE_IDENTIFIER = liangzhu.DYZB;
				PRODUCT_NAME = "$(TARGET_NAME)";
				SWIFT_VERSION = 5.0;
				TARGETED_DEVICE_FAMILY = "1,2";
			};
			name = Debug;
		};
		139676D42659FAA5002D5C14 /* Release */ = {
			isa = XCBuildConfiguration;
			buildSettings = {
				ASSETCATALOG_COMPILER_APPICON_NAME = AppIcon;
				ASSETCATALOG_COMPILER_GLOBAL_ACCENT_COLOR_NAME = AccentColor;
				CODE_SIGN_STYLE = Automatic;
				INFOPLIST_FILE = DYZB/Info.plist;
				LD_RUNPATH_SEARCH_PATHS = (
					"$(inherited)",
					"@executable_path/Frameworks",
				);
				PRODUCT_BUNDLE_IDENTIFIER = liangzhu.DYZB;
				PRODUCT_NAME = "$(TARGET_NAME)";
				SWIFT_VERSION = 5.0;
				TARGETED_DEVICE_FAMILY = "1,2";
			};
			name = Release;
		};
		139676D62659FAA5002D5C14 /* Debug */ = {
			isa = XCBuildConfiguration;
			buildSettings = {
				ALWAYS_EMBED_SWIFT_STANDARD_LIBRARIES = YES;
				BUNDLE_LOADER = "$(TEST_HOST)";
				CODE_SIGN_STYLE = Automatic;
				INFOPLIST_FILE = DYZBTests/Info.plist;
				IPHONEOS_DEPLOYMENT_TARGET = 14.2;
				LD_RUNPATH_SEARCH_PATHS = (
					"$(inherited)",
					"@executable_path/Frameworks",
					"@loader_path/Frameworks",
				);
				PRODUCT_BUNDLE_IDENTIFIER = liangzhu.DYZBTests;
				PRODUCT_NAME = "$(TARGET_NAME)";
				SWIFT_VERSION = 5.0;
				TARGETED_DEVICE_FAMILY = "1,2";
				TEST_HOST = "$(BUILT_PRODUCTS_DIR)/DYZB.app/DYZB";
			};
			name = Debug;
		};
		139676D72659FAA5002D5C14 /* Release */ = {
			isa = XCBuildConfiguration;
			buildSettings = {
				ALWAYS_EMBED_SWIFT_STANDARD_LIBRARIES = YES;
				BUNDLE_LOADER = "$(TEST_HOST)";
				CODE_SIGN_STYLE = Automatic;
				INFOPLIST_FILE = DYZBTests/Info.plist;
				IPHONEOS_DEPLOYMENT_TARGET = 14.2;
				LD_RUNPATH_SEARCH_PATHS = (
					"$(inherited)",
					"@executable_path/Frameworks",
					"@loader_path/Frameworks",
				);
				PRODUCT_BUNDLE_IDENTIFIER = liangzhu.DYZBTests;
				PRODUCT_NAME = "$(TARGET_NAME)";
				SWIFT_VERSION = 5.0;
				TARGETED_DEVICE_FAMILY = "1,2";
				TEST_HOST = "$(BUILT_PRODUCTS_DIR)/DYZB.app/DYZB";
			};
			name = Release;
		};
		139676D92659FAA5002D5C14 /* Debug */ = {
			isa = XCBuildConfiguration;
			buildSettings = {
				ALWAYS_EMBED_SWIFT_STANDARD_LIBRARIES = YES;
				CODE_SIGN_STYLE = Automatic;
				INFOPLIST_FILE = DYZBUITests/Info.plist;
				LD_RUNPATH_SEARCH_PATHS = (
					"$(inherited)",
					"@executable_path/Frameworks",
					"@loader_path/Frameworks",
				);
				PRODUCT_BUNDLE_IDENTIFIER = liangzhu.DYZBUITests;
				PRODUCT_NAME = "$(TARGET_NAME)";
				SWIFT_VERSION = 5.0;
				TARGETED_DEVICE_FAMILY = "1,2";
				TEST_TARGET_NAME = DYZB;
			};
			name = Debug;
		};
		139676DA2659FAA5002D5C14 /* Release */ = {
			isa = XCBuildConfiguration;
			buildSettings = {
				ALWAYS_EMBED_SWIFT_STANDARD_LIBRARIES = YES;
				CODE_SIGN_STYLE = Automatic;
				INFOPLIST_FILE = DYZBUITests/Info.plist;
				LD_RUNPATH_SEARCH_PATHS = (
					"$(inherited)",
					"@executable_path/Frameworks",
					"@loader_path/Frameworks",
				);
				PRODUCT_BUNDLE_IDENTIFIER = liangzhu.DYZBUITests;
				PRODUCT_NAME = "$(TARGET_NAME)";
				SWIFT_VERSION = 5.0;
				TARGETED_DEVICE_FAMILY = "1,2";
				TEST_TARGET_NAME = DYZB;
			};
			name = Release;
		};
/* End XCBuildConfiguration section */

/* Begin XCConfigurationList section */
		139676A32659FAA3002D5C14 /* Build configuration list for PBXProject "DYZB" */ = {
			isa = XCConfigurationList;
			buildConfigurations = (
				139676D02659FAA5002D5C14 /* Debug */,
				139676D12659FAA5002D5C14 /* Release */,
			);
			defaultConfigurationIsVisible = 0;
			defaultConfigurationName = Release;
		};
		139676D22659FAA5002D5C14 /* Build configuration list for PBXNativeTarget "DYZB" */ = {
			isa = XCConfigurationList;
			buildConfigurations = (
				139676D32659FAA5002D5C14 /* Debug */,
				139676D42659FAA5002D5C14 /* Release */,
			);
			defaultConfigurationIsVisible = 0;
			defaultConfigurationName = Release;
		};
		139676D52659FAA5002D5C14 /* Build configuration list for PBXNativeTarget "DYZBTests" */ = {
			isa = XCConfigurationList;
			buildConfigurations = (
				139676D62659FAA5002D5C14 /* Debug */,
				139676D72659FAA5002D5C14 /* Release */,
			);
			defaultConfigurationIsVisible = 0;
			defaultConfigurationName = Release;
		};
		139676D82659FAA5002D5C14 /* Build configuration list for PBXNativeTarget "DYZBUITests" */ = {
			isa = XCConfigurationList;
			buildConfigurations = (
				139676D92659FAA5002D5C14 /* Debug */,
				139676DA2659FAA5002D5C14 /* Release */,
			);
			defaultConfigurationIsVisible = 0;
			defaultConfigurationName = Release;
		};
/* End XCConfigurationList section */
	};
	rootObject = 139676A02659FAA3002D5C14 /* Project object */;
}
